// !$*UTF8*$!
{
	archiveVersion = 1;
	classes = {
	};
	objectVersion = 56;
	objects = {

/* Begin PBXBuildFile section */
		9B6977C02C7833F200D57E0E /* time_appApp.swift in Sources */ = {isa = PBXBuildFile; fileRef = 9B6977BF2C7833F200D57E0E /* time_appApp.swift */; };
		9B6977C22C7833F200D57E0E /* ContentView.swift in Sources */ = {isa = PBXBuildFile; fileRef = 9B6977C12C7833F200D57E0E /* ContentView.swift */; };
		9B6977C42C7833F300D57E0E /* Assets.xcassets in Resources */ = {isa = PBXBuildFile; fileRef = 9B6977C32C7833F300D57E0E /* Assets.xcassets */; };
		9B6977C82C7833F300D57E0E /* Preview Assets.xcassets in Resources */ = {isa = PBXBuildFile; fileRef = 9B6977C72C7833F300D57E0E /* Preview Assets.xcassets */; };
		9B6977D22C7833F400D57E0E /* time_appTests.swift in Sources */ = {isa = PBXBuildFile; fileRef = 9B6977D12C7833F400D57E0E /* time_appTests.swift */; };
		9B6977DC2C7833F400D57E0E /* time_appUITests.swift in Sources */ = {isa = PBXBuildFile; fileRef = 9B6977DB2C7833F400D57E0E /* time_appUITests.swift */; };
		9B6977DE2C7833F400D57E0E /* time_appUITestsLaunchTests.swift in Sources */ = {isa = PBXBuildFile; fileRef = 9B6977DD2C7833F400D57E0E /* time_appUITestsLaunchTests.swift */; };
		9B6977EC2C786CE200D57E0E /* alarm.m4a in Resources */ = {isa = PBXBuildFile; fileRef = 9B6977EB2C786CE200D57E0E /* alarm.m4a */; };
		9B6977ED2C786CE200D57E0E /* alarm.m4a in Resources */ = {isa = PBXBuildFile; fileRef = 9B6977EB2C786CE200D57E0E /* alarm.m4a */; };
		9B6977EE2C786CE200D57E0E /* alarm.m4a in Resources */ = {isa = PBXBuildFile; fileRef = 9B6977EB2C786CE200D57E0E /* alarm.m4a */; };
		9B6978002C787DE400D57E0E /* music in Resources */ = {isa = PBXBuildFile; fileRef = 9B6977FF2C787DE400D57E0E /* music */; };
		9B6978012C787DE400D57E0E /* music in Resources */ = {isa = PBXBuildFile; fileRef = 9B6977FF2C787DE400D57E0E /* music */; };
		9B6978022C787DE400D57E0E /* music in Resources */ = {isa = PBXBuildFile; fileRef = 9B6977FF2C787DE400D57E0E /* music */; };
/* End PBXBuildFile section */

/* Begin PBXContainerItemProxy section */
		9B6977CE2C7833F400D57E0E /* PBXContainerItemProxy */ = {
			isa = PBXContainerItemProxy;
			containerPortal = 9B6977B42C7833F200D57E0E /* Project object */;
			proxyType = 1;
			remoteGlobalIDString = 9B6977BB2C7833F200D57E0E;
			remoteInfo = "time-app";
		};
		9B6977D82C7833F400D57E0E /* PBXContainerItemProxy */ = {
			isa = PBXContainerItemProxy;
			containerPortal = 9B6977B42C7833F200D57E0E /* Project object */;
			proxyType = 1;
			remoteGlobalIDString = 9B6977BB2C7833F200D57E0E;
			remoteInfo = "time-app";
		};
/* End PBXContainerItemProxy section */

/* Begin PBXFileReference section */
		9B6977BC2C7833F200D57E0E /* time-app.app */ = {isa = PBXFileReference; explicitFileType = wrapper.application; includeInIndex = 0; path = "time-app.app"; sourceTree = BUILT_PRODUCTS_DIR; };
		9B6977BF2C7833F200D57E0E /* time_appApp.swift */ = {isa = PBXFileReference; lastKnownFileType = sourcecode.swift; path = time_appApp.swift; sourceTree = "<group>"; };
		9B6977C12C7833F200D57E0E /* ContentView.swift */ = {isa = PBXFileReference; lastKnownFileType = sourcecode.swift; path = ContentView.swift; sourceTree = "<group>"; };
		9B6977C32C7833F300D57E0E /* Assets.xcassets */ = {isa = PBXFileReference; lastKnownFileType = folder.assetcatalog; path = Assets.xcassets; sourceTree = "<group>"; };
		9B6977C52C7833F300D57E0E /* time_app.entitlements */ = {isa = PBXFileReference; lastKnownFileType = text.plist.entitlements; path = time_app.entitlements; sourceTree = "<group>"; };
		9B6977C72C7833F300D57E0E /* Preview Assets.xcassets */ = {isa = PBXFileReference; lastKnownFileType = folder.assetcatalog; path = "Preview Assets.xcassets"; sourceTree = "<group>"; };
		9B6977CD2C7833F400D57E0E /* time-appTests.xctest */ = {isa = PBXFileReference; explicitFileType = wrapper.cfbundle; includeInIndex = 0; path = "time-appTests.xctest"; sourceTree = BUILT_PRODUCTS_DIR; };
		9B6977D12C7833F400D57E0E /* time_appTests.swift */ = {isa = PBXFileReference; lastKnownFileType = sourcecode.swift; path = time_appTests.swift; sourceTree = "<group>"; };
		9B6977D72C7833F400D57E0E /* time-appUITests.xctest */ = {isa = PBXFileReference; explicitFileType = wrapper.cfbundle; includeInIndex = 0; path = "time-appUITests.xctest"; sourceTree = BUILT_PRODUCTS_DIR; };
		9B6977DB2C7833F400D57E0E /* time_appUITests.swift */ = {isa = PBXFileReference; lastKnownFileType = sourcecode.swift; path = time_appUITests.swift; sourceTree = "<group>"; };
		9B6977DD2C7833F400D57E0E /* time_appUITestsLaunchTests.swift */ = {isa = PBXFileReference; lastKnownFileType = sourcecode.swift; path = time_appUITestsLaunchTests.swift; sourceTree = "<group>"; };
		9B6977EB2C786CE200D57E0E /* alarm.m4a */ = {isa = PBXFileReference; lastKnownFileType = file; path = alarm.m4a; sourceTree = SOURCE_ROOT; };
		9B6977FF2C787DE400D57E0E /* music */ = {isa = PBXFileReference; lastKnownFileType = folder; path = music; sourceTree = SOURCE_ROOT; };
/* End PBXFileReference section */

/* Begin PBXFrameworksBuildPhase section */
		9B6977B92C7833F200D57E0E /* Frameworks */ = {
			isa = PBXFrameworksBuildPhase;
			buildActionMask = 2147483647;
			files = (
			);
			runOnlyForDeploymentPostprocessing = 0;
		};
		9B6977CA2C7833F400D57E0E /* Frameworks */ = {
			isa = PBXFrameworksBuildPhase;
			buildActionMask = 2147483647;
			files = (
			);
			runOnlyForDeploymentPostprocessing = 0;
		};
		9B6977D42C7833F400D57E0E /* Frameworks */ = {
			isa = PBXFrameworksBuildPhase;
			buildActionMask = 2147483647;
			files = (
			);
			runOnlyForDeploymentPostprocessing = 0;
		};
/* End PBXFrameworksBuildPhase section */

/* Begin PBXGroup section */
		9B6977B32C7833F200D57E0E = {
			isa = PBXGroup;
			children = (
				9B6977BE2C7833F200D57E0E /* time-app */,
				9B6977D02C7833F400D57E0E /* time-appTests */,
				9B6977DA2C7833F400D57E0E /* time-appUITests */,
				9B6977BD2C7833F200D57E0E /* Products */,
			);
			sourceTree = "<group>";
		};
		9B6977BD2C7833F200D57E0E /* Products */ = {
			isa = PBXGroup;
			children = (
				9B6977BC2C7833F200D57E0E /* time-app.app */,
				9B6977CD2C7833F400D57E0E /* time-appTests.xctest */,
				9B6977D72C7833F400D57E0E /* time-appUITests.xctest */,
			);
			name = Products;
			sourceTree = "<group>";
		};
		9B6977BE2C7833F200D57E0E /* time-app */ = {
			isa = PBXGroup;
			children = (
				9B6977BF2C7833F200D57E0E /* time_appApp.swift */,
				9B6977C12C7833F200D57E0E /* ContentView.swift */,
				9B6977EB2C786CE200D57E0E /* alarm.m4a */,
				9B6977C32C7833F300D57E0E /* Assets.xcassets */,
				9B6977FF2C787DE400D57E0E /* music */,
				9B6977C52C7833F300D57E0E /* time_app.entitlements */,
				9B6977C62C7833F300D57E0E /* Preview Content */,
			);
			path = "time-app";
			sourceTree = "<group>";
		};
		9B6977C62C7833F300D57E0E /* Preview Content */ = {
			isa = PBXGroup;
			children = (
				9B6977C72C7833F300D57E0E /* Preview Assets.xcassets */,
			);
			path = "Preview Content";
			sourceTree = "<group>";
		};
		9B6977D02C7833F400D57E0E /* time-appTests */ = {
			isa = PBXGroup;
			children = (
				9B6977D12C7833F400D57E0E /* time_appTests.swift */,
			);
			path = "time-appTests";
			sourceTree = "<group>";
		};
		9B6977DA2C7833F400D57E0E /* time-appUITests */ = {
			isa = PBXGroup;
			children = (
				9B6977DB2C7833F400D57E0E /* time_appUITests.swift */,
				9B6977DD2C7833F400D57E0E /* time_appUITestsLaunchTests.swift */,
			);
			path = "time-appUITests";
			sourceTree = "<group>";
		};
/* End PBXGroup section */

/* Begin PBXNativeTarget section */
		9B6977BB2C7833F200D57E0E /* time-app */ = {
			isa = PBXNativeTarget;
			buildConfigurationList = 9B6977E12C7833F400D57E0E /* Build configuration list for PBXNativeTarget "time-app" */;
			buildPhases = (
				9B6977B82C7833F200D57E0E /* Sources */,
				9B6977B92C7833F200D57E0E /* Frameworks */,
				9B6977BA2C7833F200D57E0E /* Resources */,
			);
			buildRules = (
			);
			dependencies = (
			);
			name = "time-app";
			productName = "time-app";
			productReference = 9B6977BC2C7833F200D57E0E /* time-app.app */;
			productType = "com.apple.product-type.application";
		};
		9B6977CC2C7833F400D57E0E /* time-appTests */ = {
			isa = PBXNativeTarget;
			buildConfigurationList = 9B6977E42C7833F400D57E0E /* Build configuration list for PBXNativeTarget "time-appTests" */;
			buildPhases = (
				9B6977C92C7833F400D57E0E /* Sources */,
				9B6977CA2C7833F400D57E0E /* Frameworks */,
				9B6977CB2C7833F400D57E0E /* Resources */,
			);
			buildRules = (
			);
			dependencies = (
				9B6977CF2C7833F400D57E0E /* PBXTargetDependency */,
			);
			name = "time-appTests";
			productName = "time-appTests";
			productReference = 9B6977CD2C7833F400D57E0E /* time-appTests.xctest */;
			productType = "com.apple.product-type.bundle.unit-test";
		};
		9B6977D62C7833F400D57E0E /* time-appUITests */ = {
			isa = PBXNativeTarget;
			buildConfigurationList = 9B6977E72C7833F400D57E0E /* Build configuration list for PBXNativeTarget "time-appUITests" */;
			buildPhases = (
				9B6977D32C7833F400D57E0E /* Sources */,
				9B6977D42C7833F400D57E0E /* Frameworks */,
				9B6977D52C7833F400D57E0E /* Resources */,
			);
			buildRules = (
			);
			dependencies = (
				9B6977D92C7833F400D57E0E /* PBXTargetDependency */,
			);
			name = "time-appUITests";
			productName = "time-appUITests";
			productReference = 9B6977D72C7833F400D57E0E /* time-appUITests.xctest */;
			productType = "com.apple.product-type.bundle.ui-testing";
		};
/* End PBXNativeTarget section */

/* Begin PBXProject section */
		9B6977B42C7833F200D57E0E /* Project object */ = {
			isa = PBXProject;
			attributes = {
				BuildIndependentTargetsInParallel = 1;
				LastSwiftUpdateCheck = 1540;
				LastUpgradeCheck = 1540;
				TargetAttributes = {
					9B6977BB2C7833F200D57E0E = {
						CreatedOnToolsVersion = 15.4;
					};
					9B6977CC2C7833F400D57E0E = {
						CreatedOnToolsVersion = 15.4;
						TestTargetID = 9B6977BB2C7833F200D57E0E;
					};
					9B6977D62C7833F400D57E0E = {
						CreatedOnToolsVersion = 15.4;
						TestTargetID = 9B6977BB2C7833F200D57E0E;
					};
				};
			};
			buildConfigurationList = 9B6977B72C7833F200D57E0E /* Build configuration list for PBXProject "time-app" */;
			compatibilityVersion = "Xcode 14.0";
			developmentRegion = en;
			hasScannedForEncodings = 0;
			knownRegions = (
				en,
				Base,
			);
			mainGroup = 9B6977B32C7833F200D57E0E;
			productRefGroup = 9B6977BD2C7833F200D57E0E /* Products */;
			projectDirPath = "";
			projectRoot = "";
			targets = (
				9B6977BB2C7833F200D57E0E /* time-app */,
				9B6977CC2C7833F400D57E0E /* time-appTests */,
				9B6977D62C7833F400D57E0E /* time-appUITests */,
			);
		};
/* End PBXProject section */

/* Begin PBXResourcesBuildPhase section */
		9B6977BA2C7833F200D57E0E /* Resources */ = {
			isa = PBXResourcesBuildPhase;
			buildActionMask = 2147483647;
			files = (
				9B6977C82C7833F300D57E0E /* Preview Assets.xcassets in Resources */,
				9B6977C42C7833F300D57E0E /* Assets.xcassets in Resources */,
				9B6978002C787DE400D57E0E /* music in Resources */,
				9B6977EC2C786CE200D57E0E /* alarm.m4a in Resources */,
			);
			runOnlyForDeploymentPostprocessing = 0;
		};
		9B6977CB2C7833F400D57E0E /* Resources */ = {
			isa = PBXResourcesBuildPhase;
			buildActionMask = 2147483647;
			files = (
				9B6978012C787DE400D57E0E /* music in Resources */,
				9B6977ED2C786CE200D57E0E /* alarm.m4a in Resources */,
			);
			runOnlyForDeploymentPostprocessing = 0;
		};
		9B6977D52C7833F400D57E0E /* Resources */ = {
			isa = PBXResourcesBuildPhase;
			buildActionMask = 2147483647;
			files = (
				9B6978022C787DE400D57E0E /* music in Resources */,
				9B6977EE2C786CE200D57E0E /* alarm.m4a in Resources */,
			);
			runOnlyForDeploymentPostprocessing = 0;
		};
/* End PBXResourcesBuildPhase section */

/* Begin PBXSourcesBuildPhase section */
		9B6977B82C7833F200D57E0E /* Sources */ = {
			isa = PBXSourcesBuildPhase;
			buildActionMask = 2147483647;
			files = (
				9B6977C22C7833F200D57E0E /* ContentView.swift in Sources */,
				9B6977C02C7833F200D57E0E /* time_appApp.swift in Sources */,
			);
			runOnlyForDeploymentPostprocessing = 0;
		};
		9B6977C92C7833F400D57E0E /* Sources */ = {
			isa = PBXSourcesBuildPhase;
			buildActionMask = 2147483647;
			files = (
				9B6977D22C7833F400D57E0E /* time_appTests.swift in Sources */,
			);
			runOnlyForDeploymentPostprocessing = 0;
		};
		9B6977D32C7833F400D57E0E /* Sources */ = {
			isa = PBXSourcesBuildPhase;
			buildActionMask = 2147483647;
			files = (
				9B6977DE2C7833F400D57E0E /* time_appUITestsLaunchTests.swift in Sources */,
				9B6977DC2C7833F400D57E0E /* time_appUITests.swift in Sources */,
			);
			runOnlyForDeploymentPostprocessing = 0;
		};
/* End PBXSourcesBuildPhase section */

/* Begin PBXTargetDependency section */
		9B6977CF2C7833F400D57E0E /* PBXTargetDependency */ = {
			isa = PBXTargetDependency;
			target = 9B6977BB2C7833F200D57E0E /* time-app */;
			targetProxy = 9B6977CE2C7833F400D57E0E /* PBXContainerItemProxy */;
		};
		9B6977D92C7833F400D57E0E /* PBXTargetDependency */ = {
			isa = PBXTargetDependency;
			target = 9B6977BB2C7833F200D57E0E /* time-app */;
			targetProxy = 9B6977D82C7833F400D57E0E /* PBXContainerItemProxy */;
		};
/* End PBXTargetDependency section */

/* Begin XCBuildConfiguration section */
		9B6977DF2C7833F400D57E0E /* Debug */ = {
			isa = XCBuildConfiguration;
			buildSettings = {
				ALWAYS_SEARCH_USER_PATHS = NO;
				ASSETCATALOG_COMPILER_GENERATE_SWIFT_ASSET_SYMBOL_EXTENSIONS = YES;
				CLANG_ANALYZER_NONNULL = YES;
				CLANG_ANALYZER_NUMBER_OBJECT_CONVERSION = YES_AGGRESSIVE;
				CLANG_CXX_LANGUAGE_STANDARD = "gnu++20";
				CLANG_ENABLE_MODULES = YES;
				CLANG_ENABLE_OBJC_ARC = YES;
				CLANG_ENABLE_OBJC_WEAK = YES;
				CLANG_WARN_BLOCK_CAPTURE_AUTORELEASING = YES;
				CLANG_WARN_BOOL_CONVERSION = YES;
				CLANG_WARN_COMMA = YES;
				CLANG_WARN_CONSTANT_CONVERSION = YES;
				CLANG_WARN_DEPRECATED_OBJC_IMPLEMENTATIONS = YES;
				CLANG_WARN_DIRECT_OBJC_ISA_USAGE = YES_ERROR;
				CLANG_WARN_DOCUMENTATION_COMMENTS = YES;
				CLANG_WARN_EMPTY_BODY = YES;
				CLANG_WARN_ENUM_CONVERSION = YES;
				CLANG_WARN_INFINITE_RECURSION = YES;
				CLANG_WARN_INT_CONVERSION = YES;
				CLANG_WARN_NON_LITERAL_NULL_CONVERSION = YES;
				CLANG_WARN_OBJC_IMPLICIT_RETAIN_SELF = YES;
				CLANG_WARN_OBJC_LITERAL_CONVERSION = YES;
				CLANG_WARN_OBJC_ROOT_CLASS = YES_ERROR;
				CLANG_WARN_QUOTED_INCLUDE_IN_FRAMEWORK_HEADER = YES;
				CLANG_WARN_RANGE_LOOP_ANALYSIS = YES;
				CLANG_WARN_STRICT_PROTOTYPES = YES;
				CLANG_WARN_SUSPICIOUS_MOVE = YES;
				CLANG_WARN_UNGUARDED_AVAILABILITY = YES_AGGRESSIVE;
				CLANG_WARN_UNREACHABLE_CODE = YES;
				CLANG_WARN__DUPLICATE_METHOD_MATCH = YES;
				COPY_PHASE_STRIP = NO;
				DEBUG_INFORMATION_FORMAT = dwarf;
				ENABLE_STRICT_OBJC_MSGSEND = YES;
				ENABLE_TESTABILITY = YES;
				ENABLE_USER_SCRIPT_SANDBOXING = YES;
				GCC_C_LANGUAGE_STANDARD = gnu17;
				GCC_DYNAMIC_NO_PIC = NO;
				GCC_NO_COMMON_BLOCKS = YES;
				GCC_OPTIMIZATION_LEVEL = 0;
				GCC_PREPROCESSOR_DEFINITIONS = (
					"DEBUG=1",
					"$(inherited)",
				);
				GCC_WARN_64_TO_32_BIT_CONVERSION = YES;
				GCC_WARN_ABOUT_RETURN_TYPE = YES_ERROR;
				GCC_WARN_UNDECLARED_SELECTOR = YES;
				GCC_WARN_UNINITIALIZED_AUTOS = YES_AGGRESSIVE;
				GCC_WARN_UNUSED_FUNCTION = YES;
				GCC_WARN_UNUSED_VARIABLE = YES;
				LOCALIZATION_PREFERS_STRING_CATALOGS = YES;
				MTL_ENABLE_DEBUG_INFO = INCLUDE_SOURCE;
				MTL_FAST_MATH = YES;
				ONLY_ACTIVE_ARCH = YES;
				SWIFT_ACTIVE_COMPILATION_CONDITIONS = "DEBUG $(inherited)";
				SWIFT_OPTIMIZATION_LEVEL = "-Onone";
			};
			name = Debug;
		};
		9B6977E02C7833F400D57E0E /* Release */ = {
			isa = XCBuildConfiguration;
			buildSettings = {
				ALWAYS_SEARCH_USER_PATHS = NO;
				ASSETCATALOG_COMPILER_GENERATE_SWIFT_ASSET_SYMBOL_EXTENSIONS = YES;
				CLANG_ANALYZER_NONNULL = YES;
				CLANG_ANALYZER_NUMBER_OBJECT_CONVERSION = YES_AGGRESSIVE;
				CLANG_CXX_LANGUAGE_STANDARD = "gnu++20";
				CLANG_ENABLE_MODULES = YES;
				CLANG_ENABLE_OBJC_ARC = YES;
				CLANG_ENABLE_OBJC_WEAK = YES;
				CLANG_WARN_BLOCK_CAPTURE_AUTORELEASING = YES;
				CLANG_WARN_BOOL_CONVERSION = YES;
				CLANG_WARN_COMMA = YES;
				CLANG_WARN_CONSTANT_CONVERSION = YES;
				CLANG_WARN_DEPRECATED_OBJC_IMPLEMENTATIONS = YES;
				CLANG_WARN_DIRECT_OBJC_ISA_USAGE = YES_ERROR;
				CLANG_WARN_DOCUMENTATION_COMMENTS = YES;
				CLANG_WARN_EMPTY_BODY = YES;
				CLANG_WARN_ENUM_CONVERSION = YES;
				CLANG_WARN_INFINITE_RECURSION = YES;
				CLANG_WARN_INT_CONVERSION = YES;
				CLANG_WARN_NON_LITERAL_NULL_CONVERSION = YES;
				CLANG_WARN_OBJC_IMPLICIT_RETAIN_SELF = YES;
				CLANG_WARN_OBJC_LITERAL_CONVERSION = YES;
				CLANG_WARN_OBJC_ROOT_CLASS = YES_ERROR;
				CLANG_WARN_QUOTED_INCLUDE_IN_FRAMEWORK_HEADER = YES;
				CLANG_WARN_RANGE_LOOP_ANALYSIS = YES;
				CLANG_WARN_STRICT_PROTOTYPES = YES;
				CLANG_WARN_SUSPICIOUS_MOVE = YES;
				CLANG_WARN_UNGUARDED_AVAILABILITY = YES_AGGRESSIVE;
				CLANG_WARN_UNREACHABLE_CODE = YES;
				CLANG_WARN__DUPLICATE_METHOD_MATCH = YES;
				COPY_PHASE_STRIP = NO;
				DEBUG_INFORMATION_FORMAT = "dwarf-with-dsym";
				ENABLE_NS_ASSERTIONS = NO;
				ENABLE_STRICT_OBJC_MSGSEND = YES;
				ENABLE_USER_SCRIPT_SANDBOXING = YES;
				GCC_C_LANGUAGE_STANDARD = gnu17;
				GCC_NO_COMMON_BLOCKS = YES;
				GCC_WARN_64_TO_32_BIT_CONVERSION = YES;
				GCC_WARN_ABOUT_RETURN_TYPE = YES_ERROR;
				GCC_WARN_UNDECLARED_SELECTOR = YES;
				GCC_WARN_UNINITIALIZED_AUTOS = YES_AGGRESSIVE;
				GCC_WARN_UNUSED_FUNCTION = YES;
				GCC_WARN_UNUSED_VARIABLE = YES;
				LOCALIZATION_PREFERS_STRING_CATALOGS = YES;
				MTL_ENABLE_DEBUG_INFO = NO;
				MTL_FAST_MATH = YES;
				SWIFT_COMPILATION_MODE = wholemodule;
			};
			name = Release;
		};
		9B6977E22C7833F400D57E0E /* Debug */ = {
			isa = XCBuildConfiguration;
			buildSettings = {
				ASSETCATALOG_COMPILER_APPICON_NAME = AppIcon;
				ASSETCATALOG_COMPILER_GLOBAL_ACCENT_COLOR_NAME = AccentColor;
				CODE_SIGN_ENTITLEMENTS = "time-app/time_app.entitlements";
				CODE_SIGN_STYLE = Automatic;
				CURRENT_PROJECT_VERSION = 1;
				DEVELOPMENT_ASSET_PATHS = "\"time-app/Preview Content\"";
				ENABLE_PREVIEWS = YES;
				GENERATE_INFOPLIST_FILE = YES;
				"INFOPLIST_KEY_UIApplicationSceneManifest_Generation[sdk=iphoneos*]" = YES;
				"INFOPLIST_KEY_UIApplicationSceneManifest_Generation[sdk=iphonesimulator*]" = YES;
				"INFOPLIST_KEY_UIApplicationSupportsIndirectInputEvents[sdk=iphoneos*]" = YES;
				"INFOPLIST_KEY_UIApplicationSupportsIndirectInputEvents[sdk=iphonesimulator*]" = YES;
				"INFOPLIST_KEY_UILaunchScreen_Generation[sdk=iphoneos*]" = YES;
				"INFOPLIST_KEY_UILaunchScreen_Generation[sdk=iphonesimulator*]" = YES;
				"INFOPLIST_KEY_UIStatusBarStyle[sdk=iphoneos*]" = UIStatusBarStyleDefault;
				"INFOPLIST_KEY_UIStatusBarStyle[sdk=iphonesimulator*]" = UIStatusBarStyleDefault;
				INFOPLIST_KEY_UISupportedInterfaceOrientations_iPad = "UIInterfaceOrientationPortrait UIInterfaceOrientationPortraitUpsideDown UIInterfaceOrientationLandscapeLeft UIInterfaceOrientationLandscapeRight";
				INFOPLIST_KEY_UISupportedInterfaceOrientations_iPhone = "UIInterfaceOrientationPortrait UIInterfaceOrientationLandscapeLeft UIInterfaceOrientationLandscapeRight";
				IPHONEOS_DEPLOYMENT_TARGET = 17.5;
				LD_RUNPATH_SEARCH_PATHS = "@executable_path/Frameworks";
				"LD_RUNPATH_SEARCH_PATHS[sdk=macosx*]" = "@executable_path/../Frameworks";
				MACOSX_DEPLOYMENT_TARGET = 14.5;
				MARKETING_VERSION = 1.0;
				PRODUCT_BUNDLE_IDENTIFIER = "my-learn-C.time-app";
				PRODUCT_NAME = "$(TARGET_NAME)";
				SDKROOT = auto;
				SUPPORTED_PLATFORMS = "iphoneos iphonesimulator macosx";
				SWIFT_EMIT_LOC_STRINGS = YES;
				SWIFT_VERSION = 5.0;
				TARGETED_DEVICE_FAMILY = "1,2";
			};
			name = Debug;
		};
		9B6977E32C7833F400D57E0E /* Release */ = {
			isa = XCBuildConfiguration;
			buildSettings = {
				ASSETCATALOG_COMPILER_APPICON_NAME = AppIcon;
				ASSETCATALOG_COMPILER_GLOBAL_ACCENT_COLOR_NAME = AccentColor;
				CODE_SIGN_ENTITLEMENTS = "time-app/time_app.entitlements";
				CODE_SIGN_STYLE = Automatic;
				CURRENT_PROJECT_VERSION = 1;
				DEVELOPMENT_ASSET_PATHS = "\"time-app/Preview Content\"";
				ENABLE_PREVIEWS = YES;
				GENERATE_INFOPLIST_FILE = YES;
				"INFOPLIST_KEY_UIApplicationSceneManifest_Generation[sdk=iphoneos*]" = YES;
				"INFOPLIST_KEY_UIApplicationSceneManifest_Generation[sdk=iphonesimulator*]" = YES;
				"INFOPLIST_KEY_UIApplicationSupportsIndirectInputEvents[sdk=iphoneos*]" = YES;
				"INFOPLIST_KEY_UIApplicationSupportsIndirectInputEvents[sdk=iphonesimulator*]" = YES;
				"INFOPLIST_KEY_UILaunchScreen_Generation[sdk=iphoneos*]" = YES;
				"INFOPLIST_KEY_UILaunchScreen_Generation[sdk=iphonesimulator*]" = YES;
				"INFOPLIST_KEY_UIStatusBarStyle[sdk=iphoneos*]" = UIStatusBarStyleDefault;
				"INFOPLIST_KEY_UIStatusBarStyle[sdk=iphonesimulator*]" = UIStatusBarStyleDefault;
				INFOPLIST_KEY_UISupportedInterfaceOrientations_iPad = "UIInterfaceOrientationPortrait UIInterfaceOrientationPortraitUpsideDown UIInterfaceOrientationLandscapeLeft UIInterfaceOrientationLandscapeRight";
				INFOPLIST_KEY_UISupportedInterfaceOrientations_iPhone = "UIInterfaceOrientationPortrait UIInterfaceOrientationLandscapeLeft UIInterfaceOrientationLandscapeRight";
				IPHONEOS_DEPLOYMENT_TARGET = 17.5;
				LD_RUNPATH_SEARCH_PATHS = "@executable_path/Frameworks";
				"LD_RUNPATH_SEARCH_PATHS[sdk=macosx*]" = "@executable_path/../Frameworks";
				MACOSX_DEPLOYMENT_TARGET = 14.5;
				MARKETING_VERSION = 1.0;
				PRODUCT_BUNDLE_IDENTIFIER = "my-learn-C.time-app";
				PRODUCT_NAME = "$(TARGET_NAME)";
				SDKROOT = auto;
				SUPPORTED_PLATFORMS = "iphoneos iphonesimulator macosx";
				SWIFT_EMIT_LOC_STRINGS = YES;
				SWIFT_VERSION = 5.0;
				TARGETED_DEVICE_FAMILY = "1,2";
			};
			name = Release;
		};
		9B6977E52C7833F400D57E0E /* Debug */ = {
			isa = XCBuildConfiguration;
			buildSettings = {
				ALWAYS_EMBED_SWIFT_STANDARD_LIBRARIES = YES;
				BUNDLE_LOADER = "$(TEST_HOST)";
				CODE_SIGN_STYLE = Automatic;
				CURRENT_PROJECT_VERSION = 1;
				GENERATE_INFOPLIST_FILE = YES;
				IPHONEOS_DEPLOYMENT_TARGET = 17.5;
				MACOSX_DEPLOYMENT_TARGET = 14.5;
				MARKETING_VERSION = 1.0;
				PRODUCT_BUNDLE_IDENTIFIER = "my-learn-C.time-appTests";
				PRODUCT_NAME = "$(TARGET_NAME)";
				SDKROOT = auto;
				SUPPORTED_PLATFORMS = "iphoneos iphonesimulator macosx";
				SWIFT_EMIT_LOC_STRINGS = NO;
				SWIFT_VERSION = 5.0;
				TARGETED_DEVICE_FAMILY = "1,2";
				TEST_HOST = "$(BUILT_PRODUCTS_DIR)/time-app.app/$(BUNDLE_EXECUTABLE_FOLDER_PATH)/time-app";
			};
			name = Debug;
		};
		9B6977E62C7833F400D57E0E /* Release */ = {
			isa = XCBuildConfiguration;
			buildSettings = {
				ALWAYS_EMBED_SWIFT_STANDARD_LIBRARIES = YES;
				BUNDLE_LOADER = "$(TEST_HOST)";
				CODE_SIGN_STYLE = Automatic;
				CURRENT_PROJECT_VERSION = 1;
				GENERATE_INFOPLIST_FILE = YES;
				IPHONEOS_DEPLOYMENT_TARGET = 17.5;
				MACOSX_DEPLOYMENT_TARGET = 14.5;
				MARKETING_VERSION = 1.0;
				PRODUCT_BUNDLE_IDENTIFIER = "my-learn-C.time-appTests";
				PRODUCT_NAME = "$(TARGET_NAME)";
				SDKROOT = auto;
				SUPPORTED_PLATFORMS = "iphoneos iphonesimulator macosx";
				SWIFT_EMIT_LOC_STRINGS = NO;
				SWIFT_VERSION = 5.0;
				TARGETED_DEVICE_FAMILY = "1,2";
				TEST_HOST = "$(BUILT_PRODUCTS_DIR)/time-app.app/$(BUNDLE_EXECUTABLE_FOLDER_PATH)/time-app";
			};
			name = Release;
		};
		9B6977E82C7833F400D57E0E /* Debug */ = {
			isa = XCBuildConfiguration;
			buildSettings = {
				ALWAYS_EMBED_SWIFT_STANDARD_LIBRARIES = YES;
				CODE_SIGN_STYLE = Automatic;
				CURRENT_PROJECT_VERSION = 1;
				GENERATE_INFOPLIST_FILE = YES;
				IPHONEOS_DEPLOYMENT_TARGET = 17.5;
				MACOSX_DEPLOYMENT_TARGET = 14.5;
				MARKETING_VERSION = 1.0;
				PRODUCT_BUNDLE_IDENTIFIER = "my-learn-C.time-appUITests";
				PRODUCT_NAME = "$(TARGET_NAME)";
				SDKROOT = auto;
				SUPPORTED_PLATFORMS = "iphoneos iphonesimulator macosx";
				SWIFT_EMIT_LOC_STRINGS = NO;
				SWIFT_VERSION = 5.0;
				TARGETED_DEVICE_FAMILY = "1,2";
				TEST_TARGET_NAME = "time-app";
			};
			name = Debug;
		};
		9B6977E92C7833F400D57E0E /* Release */ = {
			isa = XCBuildConfiguration;
			buildSettings = {
				ALWAYS_EMBED_SWIFT_STANDARD_LIBRARIES = YES;
				CODE_SIGN_STYLE = Automatic;
				CURRENT_PROJECT_VERSION = 1;
				GENERATE_INFOPLIST_FILE = YES;
				IPHONEOS_DEPLOYMENT_TARGET = 17.5;
				MACOSX_DEPLOYMENT_TARGET = 14.5;
				MARKETING_VERSION = 1.0;
				PRODUCT_BUNDLE_IDENTIFIER = "my-learn-C.time-appUITests";
				PRODUCT_NAME = "$(TARGET_NAME)";
				SDKROOT = auto;
				SUPPORTED_PLATFORMS = "iphoneos iphonesimulator macosx";
				SWIFT_EMIT_LOC_STRINGS = NO;
				SWIFT_VERSION = 5.0;
				TARGETED_DEVICE_FAMILY = "1,2";
				TEST_TARGET_NAME = "time-app";
			};
			name = Release;
		};
/* End XCBuildConfiguration section */

/* Begin XCConfigurationList section */
		9B6977B72C7833F200D57E0E /* Build configuration list for PBXProject "time-app" */ = {
			isa = XCConfigurationList;
			buildConfigurations = (
				9B6977DF2C7833F400D57E0E /* Debug */,
				9B6977E02C7833F400D57E0E /* Release */,
			);
			defaultConfigurationIsVisible = 0;
			defaultConfigurationName = Release;
		};
		9B6977E12C7833F400D57E0E /* Build configuration list for PBXNativeTarget "time-app" */ = {
			isa = XCConfigurationList;
			buildConfigurations = (
				9B6977E22C7833F400D57E0E /* Debug */,
				9B6977E32C7833F400D57E0E /* Release */,
			);
			defaultConfigurationIsVisible = 0;
			defaultConfigurationName = Release;
		};
		9B6977E42C7833F400D57E0E /* Build configuration list for PBXNativeTarget "time-appTests" */ = {
			isa = XCConfigurationList;
			buildConfigurations = (
				9B6977E52C7833F400D57E0E /* Debug */,
				9B6977E62C7833F400D57E0E /* Release */,
			);
			defaultConfigurationIsVisible = 0;
			defaultConfigurationName = Release;
		};
		9B6977E72C7833F400D57E0E /* Build configuration list for PBXNativeTarget "time-appUITests" */ = {
			isa = XCConfigurationList;
			buildConfigurations = (
				9B6977E82C7833F400D57E0E /* Debug */,
				9B6977E92C7833F400D57E0E /* Release */,
			);
			defaultConfigurationIsVisible = 0;
			defaultConfigurationName = Release;
		};
/* End XCConfigurationList section */
	};
	rootObject = 9B6977B42C7833F200D57E0E /* Project object */;
}
